{
  "version": 4,
  "terraform_version": "0.12.3",
  "serial": 56,
  "lineage": "514e5747-3820-9e08-538f-050809826c7b",
  "outputs": {},
  "resources": [
    {
      "mode": "managed",
      "type": "google_compute_firewall",
      "name": "fw-kamailio",
      "provider": "provider.google",
      "instances": [
        {
          "schema_version": 1,
          "attributes": {
            "allow": [
              {
                "ports": [
                  "5060"
                ],
                "protocol": "tcp"
              },
              {
                "ports": [
                  "5060"
                ],
                "protocol": "udp"
              }
            ],
            "creation_timestamp": "2019-07-06T02:35:33.246-07:00",
            "deny": [],
            "description": "",
            "destination_ranges": [],
            "direction": "INGRESS",
            "disabled": false,
            "id": "fw-kamailio-allow-sip",
            "name": "fw-kamailio-allow-sip",
            "network": "https://www.googleapis.com/compute/v1/projects/k8s-test-01-239423/global/networks/default",
            "priority": 1000,
            "project": "k8s-test-01-239423",
            "self_link": "https://www.googleapis.com/compute/v1/projects/k8s-test-01-239423/global/firewalls/fw-kamailio-allow-sip",
            "source_ranges": [
              "0.0.0.0/0"
            ],
            "source_service_accounts": [],
            "source_tags": [],
            "target_service_accounts": [],
            "target_tags": [
              "kamailio"
            ],
            "timeouts": null
          },
          "private": "eyJlMmJmYjczMC1lY2FhLTExZTYtOGY4OC0zNDM2M2JjN2M0YzAiOnsiY3JlYXRlIjoyNDAwMDAwMDAwMDAsImRlbGV0ZSI6MjQwMDAwMDAwMDAwLCJ1cGRhdGUiOjI0MDAwMDAwMDAwMH0sInNjaGVtYV92ZXJzaW9uIjoiMSJ9"
        }
      ]
    },
    {
      "mode": "managed",
      "type": "google_compute_firewall",
      "name": "fw-rtpengine",
      "provider": "provider.google",
      "instances": [
        {
          "schema_version": 1,
          "attributes": {
            "allow": [
              {
                "ports": [
                  "2223",
                  "2224"
                ],
                "protocol": "tcp"
              },
              {
                "ports": [
                  "2223",
                  "2224"
                ],
                "protocol": "udp"
              }
            ],
            "creation_timestamp": "2019-07-06T08:45:49.539-07:00",
            "deny": [],
            "description": "",
            "destination_ranges": [],
            "direction": "INGRESS",
            "disabled": false,
            "id": "fw-rtpengine-allow-rtp",
            "name": "fw-rtpengine-allow-rtp",
            "network": "https://www.googleapis.com/compute/v1/projects/k8s-test-01-239423/global/networks/default",
            "priority": 1000,
            "project": "k8s-test-01-239423",
            "self_link": "https://www.googleapis.com/compute/v1/projects/k8s-test-01-239423/global/firewalls/fw-rtpengine-allow-rtp",
            "source_ranges": [
              "0.0.0.0/0"
            ],
            "source_service_accounts": [],
            "source_tags": [],
            "target_service_accounts": [],
            "target_tags": [
              "rtpengine"
            ],
            "timeouts": null
          },
          "private": "eyJlMmJmYjczMC1lY2FhLTExZTYtOGY4OC0zNDM2M2JjN2M0YzAiOnsiY3JlYXRlIjoyNDAwMDAwMDAwMDAsImRlbGV0ZSI6MjQwMDAwMDAwMDAwLCJ1cGRhdGUiOjI0MDAwMDAwMDAwMH0sInNjaGVtYV92ZXJzaW9uIjoiMSJ9"
        }
      ]
    },
    {
      "module": "module.kamailio-europe-west4-a",
      "mode": "managed",
      "type": "google_compute_instance",
      "name": "vm",
      "each": "list",
      "provider": "provider.google",
      "instances": [
        {
          "index_key": 0,
          "schema_version": 6,
          "attributes": {
            "allow_stopping_for_update": null,
            "attached_disk": [],
            "boot_disk": [
              {
                "auto_delete": true,
                "device_name": "persistent-disk-0",
                "disk_encryption_key_raw": "",
                "disk_encryption_key_sha256": "",
                "initialize_params": [
                  {
                    "image": "https://www.googleapis.com/compute/v1/projects/debian-cloud/global/images/debian-9-stretch-v20190618",
                    "size": 30,
                    "type": "pd-standard"
                  }
                ],
                "kms_key_self_link": "",
                "source": "https://www.googleapis.com/compute/v1/projects/k8s-test-01-239423/zones/europe-west4-a/disks/instance-kamailio-europe-west4-a-0"
              }
            ],
            "can_ip_forward": false,
            "cpu_platform": "Intel Skylake",
            "deletion_protection": false,
            "description": "created with project-builder",
            "disk": [],
            "guest_accelerator": [],
            "hostname": "",
            "id": "instance-kamailio-europe-west4-a-0",
            "instance_id": "6094159876237031171",
            "label_fingerprint": "sBCxeeDE9AI=",
            "labels": {
              "service": "kamailio"
            },
            "machine_type": "n1-standard-1",
            "metadata": {},
            "metadata_fingerprint": "RsyDR-gU0lM=",
            "metadata_startup_script": "",
            "min_cpu_platform": "",
            "name": "instance-kamailio-europe-west4-a-0",
            "network_interface": [
              {
                "access_config": [
                  {
                    "assigned_nat_ip": "",
                    "nat_ip": "34.90.155.83",
                    "network_tier": "PREMIUM",
                    "public_ptr_domain_name": ""
                  }
                ],
                "address": "",
                "alias_ip_range": [],
                "name": "nic0",
                "network": "https://www.googleapis.com/compute/v1/projects/k8s-test-01-239423/global/networks/default",
                "network_ip": "10.164.15.192",
                "subnetwork": "https://www.googleapis.com/compute/v1/projects/k8s-test-01-239423/regions/europe-west4/subnetworks/default",
                "subnetwork_project": "k8s-test-01-239423"
              }
            ],
            "project": "k8s-test-01-239423",
            "scheduling": [
              {
                "automatic_restart": true,
                "node_affinities": [],
                "on_host_maintenance": "MIGRATE",
                "preemptible": false
              }
            ],
            "scratch_disk": [],
            "self_link": "https://www.googleapis.com/compute/v1/projects/k8s-test-01-239423/zones/europe-west4-a/instances/instance-kamailio-europe-west4-a-0",
            "service_account": [],
            "shielded_instance_config": [],
            "tags": [
              "kamailio"
            ],
            "tags_fingerprint": "Mf1NfmMQenw=",
            "timeouts": null,
            "zone": "europe-west4-a"
          },
          "private": "eyJlMmJmYjczMC1lY2FhLTExZTYtOGY4OC0zNDM2M2JjN2M0YzAiOnsiY3JlYXRlIjoxMjAwMDAwMDAwMDAwLCJkZWxldGUiOjEyMDAwMDAwMDAwMDAsInVwZGF0ZSI6MTIwMDAwMDAwMDAwMH0sInNjaGVtYV92ZXJzaW9uIjoiNiJ9"
        },
        {
          "index_key": 1,
          "schema_version": 6,
          "attributes": {
            "allow_stopping_for_update": null,
            "attached_disk": [],
            "boot_disk": [
              {
                "auto_delete": true,
                "device_name": "persistent-disk-0",
                "disk_encryption_key_raw": "",
                "disk_encryption_key_sha256": "",
                "initialize_params": [
                  {
                    "image": "https://www.googleapis.com/compute/v1/projects/debian-cloud/global/images/debian-9-stretch-v20190618",
                    "size": 30,
                    "type": "pd-standard"
                  }
                ],
                "kms_key_self_link": "",
                "source": "https://www.googleapis.com/compute/v1/projects/k8s-test-01-239423/zones/europe-west4-a/disks/instance-kamailio-europe-west4-a-1"
              }
            ],
            "can_ip_forward": false,
            "cpu_platform": "Intel Skylake",
            "deletion_protection": false,
            "description": "created with project-builder",
            "disk": [],
            "guest_accelerator": [],
            "hostname": "",
            "id": "instance-kamailio-europe-west4-a-1",
            "instance_id": "5989215438440756995",
            "label_fingerprint": "sBCxeeDE9AI=",
            "labels": {
              "service": "kamailio"
            },
            "machine_type": "n1-standard-1",
            "metadata": {},
            "metadata_fingerprint": "RsyDR-gU0lM=",
            "metadata_startup_script": "",
            "min_cpu_platform": "",
            "name": "instance-kamailio-europe-west4-a-1",
            "network_interface": [
              {
                "access_config": [
                  {
                    "assigned_nat_ip": "",
                    "nat_ip": "34.90.69.114",
                    "network_tier": "PREMIUM",
                    "public_ptr_domain_name": ""
                  }
                ],
                "address": "",
                "alias_ip_range": [],
                "name": "nic0",
                "network": "https://www.googleapis.com/compute/v1/projects/k8s-test-01-239423/global/networks/default",
                "network_ip": "10.164.0.63",
                "subnetwork": "https://www.googleapis.com/compute/v1/projects/k8s-test-01-239423/regions/europe-west4/subnetworks/default",
                "subnetwork_project": "k8s-test-01-239423"
              }
            ],
            "project": "k8s-test-01-239423",
            "scheduling": [
              {
                "automatic_restart": true,
                "node_affinities": [],
                "on_host_maintenance": "MIGRATE",
                "preemptible": false
              }
            ],
            "scratch_disk": [],
            "self_link": "https://www.googleapis.com/compute/v1/projects/k8s-test-01-239423/zones/europe-west4-a/instances/instance-kamailio-europe-west4-a-1",
            "service_account": [],
            "shielded_instance_config": [],
            "tags": [
              "kamailio"
            ],
            "tags_fingerprint": "Mf1NfmMQenw=",
            "timeouts": null,
            "zone": "europe-west4-a"
          },
          "private": "eyJlMmJmYjczMC1lY2FhLTExZTYtOGY4OC0zNDM2M2JjN2M0YzAiOnsiY3JlYXRlIjoxMjAwMDAwMDAwMDAwLCJkZWxldGUiOjEyMDAwMDAwMDAwMDAsInVwZGF0ZSI6MTIwMDAwMDAwMDAwMH0sInNjaGVtYV92ZXJzaW9uIjoiNiJ9"
        }
      ]
    },
    {
      "module": "module.rtpengine-europe-west4-a",
      "mode": "managed",
      "type": "google_compute_instance",
      "name": "vm",
      "each": "list",
      "provider": "provider.google",
      "instances": [
        {
          "index_key": 0,
          "schema_version": 6,
          "attributes": {
            "allow_stopping_for_update": null,
            "attached_disk": [],
            "boot_disk": [
              {
                "auto_delete": true,
                "device_name": "persistent-disk-0",
                "disk_encryption_key_raw": "",
                "disk_encryption_key_sha256": "",
                "initialize_params": [
                  {
                    "image": "https://www.googleapis.com/compute/v1/projects/debian-cloud/global/images/debian-9-stretch-v20190618",
                    "size": 30,
                    "type": "pd-standard"
                  }
                ],
                "kms_key_self_link": "",
                "source": "https://www.googleapis.com/compute/v1/projects/k8s-test-01-239423/zones/europe-west4-a/disks/instance-rtpengine-europe-west4-a-0"
              }
            ],
            "can_ip_forward": false,
            "cpu_platform": "Intel Skylake",
            "deletion_protection": false,
            "description": "created with project-builder",
            "disk": [],
            "guest_accelerator": [],
            "hostname": "",
            "id": "instance-rtpengine-europe-west4-a-0",
            "instance_id": "2806904672245087454",
            "label_fingerprint": "pFJZ28aCL9Y=",
            "labels": {
              "service": "rtpengine"
            },
            "machine_type": "n1-standard-1",
            "metadata": {},
            "metadata_fingerprint": "RsyDR-gU0lM=",
            "metadata_startup_script": "",
            "min_cpu_platform": "",
            "name": "instance-rtpengine-europe-west4-a-0",
            "network_interface": [
              {
                "access_config": [
                  {
                    "assigned_nat_ip": "",
                    "nat_ip": "35.204.42.149",
                    "network_tier": "PREMIUM",
                    "public_ptr_domain_name": ""
                  }
                ],
                "address": "",
                "alias_ip_range": [],
                "name": "nic0",
                "network": "https://www.googleapis.com/compute/v1/projects/k8s-test-01-239423/global/networks/default",
                "network_ip": "10.164.0.61",
                "subnetwork": "https://www.googleapis.com/compute/v1/projects/k8s-test-01-239423/regions/europe-west4/subnetworks/default",
                "subnetwork_project": "k8s-test-01-239423"
              }
            ],
            "project": "k8s-test-01-239423",
            "scheduling": [
              {
                "automatic_restart": true,
                "node_affinities": [],
                "on_host_maintenance": "MIGRATE",
                "preemptible": false
              }
            ],
            "scratch_disk": [],
            "self_link": "https://www.googleapis.com/compute/v1/projects/k8s-test-01-239423/zones/europe-west4-a/instances/instance-rtpengine-europe-west4-a-0",
            "service_account": [],
            "shielded_instance_config": [],
            "tags": [
              "rtpengine"
            ],
            "tags_fingerprint": "6kEAIdsVb1s=",
            "timeouts": null,
            "zone": "europe-west4-a"
          },
          "private": "eyJlMmJmYjczMC1lY2FhLTExZTYtOGY4OC0zNDM2M2JjN2M0YzAiOnsiY3JlYXRlIjoxMjAwMDAwMDAwMDAwLCJkZWxldGUiOjEyMDAwMDAwMDAwMDAsInVwZGF0ZSI6MTIwMDAwMDAwMDAwMH0sInNjaGVtYV92ZXJzaW9uIjoiNiJ9"
        },
        {
          "index_key": 1,
          "schema_version": 6,
          "attributes": {
            "allow_stopping_for_update": null,
            "attached_disk": [],
            "boot_disk": [
              {
                "auto_delete": true,
                "device_name": "persistent-disk-0",
                "disk_encryption_key_raw": "",
                "disk_encryption_key_sha256": "",
                "initialize_params": [
                  {
                    "image": "https://www.googleapis.com/compute/v1/projects/debian-cloud/global/images/debian-9-stretch-v20190618",
                    "size": 30,
                    "type": "pd-standard"
                  }
                ],
                "kms_key_self_link": "",
                "source": "https://www.googleapis.com/compute/v1/projects/k8s-test-01-239423/zones/europe-west4-a/disks/instance-rtpengine-europe-west4-a-1"
              }
            ],
            "can_ip_forward": false,
            "cpu_platform": "Intel Skylake",
            "deletion_protection": false,
            "description": "created with project-builder",
            "disk": [],
            "guest_accelerator": [],
            "hostname": "",
            "id": "instance-rtpengine-europe-west4-a-1",
            "instance_id": "8600581384342174942",
            "label_fingerprint": "pFJZ28aCL9Y=",
            "labels": {
              "service": "rtpengine"
            },
            "machine_type": "n1-standard-1",
            "metadata": {},
            "metadata_fingerprint": "RsyDR-gU0lM=",
            "metadata_startup_script": "",
            "min_cpu_platform": "",
            "name": "instance-rtpengine-europe-west4-a-1",
            "network_interface": [
              {
                "access_config": [
                  {
                    "assigned_nat_ip": "",
                    "nat_ip": "35.204.140.25",
                    "network_tier": "PREMIUM",
                    "public_ptr_domain_name": ""
                  }
                ],
                "address": "",
                "alias_ip_range": [],
                "name": "nic0",
                "network": "https://www.googleapis.com/compute/v1/projects/k8s-test-01-239423/global/networks/default",
                "network_ip": "10.164.0.60",
                "subnetwork": "https://www.googleapis.com/compute/v1/projects/k8s-test-01-239423/regions/europe-west4/subnetworks/default",
                "subnetwork_project": "k8s-test-01-239423"
              }
            ],
            "project": "k8s-test-01-239423",
            "scheduling": [
              {
                "automatic_restart": true,
                "node_affinities": [],
                "on_host_maintenance": "MIGRATE",
                "preemptible": false
              }
            ],
            "scratch_disk": [],
            "self_link": "https://www.googleapis.com/compute/v1/projects/k8s-test-01-239423/zones/europe-west4-a/instances/instance-rtpengine-europe-west4-a-1",
            "service_account": [],
            "shielded_instance_config": [],
            "tags": [
              "rtpengine"
            ],
            "tags_fingerprint": "6kEAIdsVb1s=",
            "timeouts": null,
            "zone": "europe-west4-a"
          },
          "private": "eyJlMmJmYjczMC1lY2FhLTExZTYtOGY4OC0zNDM2M2JjN2M0YzAiOnsiY3JlYXRlIjoxMjAwMDAwMDAwMDAwLCJkZWxldGUiOjEyMDAwMDAwMDAwMDAsInVwZGF0ZSI6MTIwMDAwMDAwMDAwMH0sInNjaGVtYV92ZXJzaW9uIjoiNiJ9"
        }
      ]
    },
    {
      "module": "module.asterisk-europe-west4-a",
      "mode": "managed",
      "type": "google_compute_instance",
      "name": "vm",
      "each": "list",
      "provider": "provider.google",
      "instances": [
        {
          "index_key": 0,
          "schema_version": 6,
          "attributes": {
            "allow_stopping_for_update": null,
            "attached_disk": [],
            "boot_disk": [
              {
                "auto_delete": true,
                "device_name": "persistent-disk-0",
                "disk_encryption_key_raw": "",
                "disk_encryption_key_sha256": "",
                "initialize_params": [
                  {
                    "image": "https://www.googleapis.com/compute/v1/projects/debian-cloud/global/images/debian-9-stretch-v20190618",
                    "size": 30,
                    "type": "pd-standard"
                  }
                ],
                "kms_key_self_link": "",
                "source": "https://www.googleapis.com/compute/v1/projects/k8s-test-01-239423/zones/europe-west4-a/disks/instance-asterisk-europe-west4-a-0"
              }
            ],
            "can_ip_forward": false,
            "cpu_platform": "Intel Skylake",
            "deletion_protection": false,
            "description": "created with project-builder",
            "disk": [],
            "guest_accelerator": [],
            "hostname": "",
            "id": "instance-asterisk-europe-west4-a-0",
            "instance_id": "3247456239645521116",
            "label_fingerprint": "wb6EcpusxZk=",
            "labels": {
              "service": "asterisk"
            },
            "machine_type": "n1-standard-1",
            "metadata": {},
            "metadata_fingerprint": "RsyDR-gU0lM=",
            "metadata_startup_script": "",
            "min_cpu_platform": "",
            "name": "instance-asterisk-europe-west4-a-0",
            "network_interface": [
              {
                "access_config": [
                  {
                    "assigned_nat_ip": "",
                    "nat_ip": "34.90.234.184",
                    "network_tier": "PREMIUM",
                    "public_ptr_domain_name": ""
                  }
                ],
                "address": "",
                "alias_ip_range": [],
                "name": "nic0",
                "network": "https://www.googleapis.com/compute/v1/projects/k8s-test-01-239423/global/networks/default",
                "network_ip": "10.164.0.58",
                "subnetwork": "https://www.googleapis.com/compute/v1/projects/k8s-test-01-239423/regions/europe-west4/subnetworks/default",
                "subnetwork_project": "k8s-test-01-239423"
              }
            ],
            "project": "k8s-test-01-239423",
            "scheduling": [
              {
                "automatic_restart": true,
                "node_affinities": [],
                "on_host_maintenance": "MIGRATE",
                "preemptible": false
              }
            ],
            "scratch_disk": [],
            "self_link": "https://www.googleapis.com/compute/v1/projects/k8s-test-01-239423/zones/europe-west4-a/instances/instance-asterisk-europe-west4-a-0",
            "service_account": [],
            "shielded_instance_config": [],
            "tags": [
              "asterisk"
            ],
            "tags_fingerprint": "ghiDGAxnQqs=",
            "timeouts": null,
            "zone": "europe-west4-a"
          },
          "private": "eyJlMmJmYjczMC1lY2FhLTExZTYtOGY4OC0zNDM2M2JjN2M0YzAiOnsiY3JlYXRlIjoxMjAwMDAwMDAwMDAwLCJkZWxldGUiOjEyMDAwMDAwMDAwMDAsInVwZGF0ZSI6MTIwMDAwMDAwMDAwMH0sInNjaGVtYV92ZXJzaW9uIjoiNiJ9"
        },
        {
          "index_key": 1,
          "schema_version": 6,
          "attributes": {
            "allow_stopping_for_update": null,
            "attached_disk": [],
            "boot_disk": [
              {
                "auto_delete": true,
                "device_name": "persistent-disk-0",
                "disk_encryption_key_raw": "",
                "disk_encryption_key_sha256": "",
                "initialize_params": [
                  {
                    "image": "https://www.googleapis.com/compute/v1/projects/debian-cloud/global/images/debian-9-stretch-v20190618",
                    "size": 30,
                    "type": "pd-standard"
                  }
                ],
                "kms_key_self_link": "",
                "source": "https://www.googleapis.com/compute/v1/projects/k8s-test-01-239423/zones/europe-west4-a/disks/instance-asterisk-europe-west4-a-1"
              }
            ],
            "can_ip_forward": false,
            "cpu_platform": "Intel Skylake",
            "deletion_protection": false,
            "description": "created with project-builder",
            "disk": [],
            "guest_accelerator": [],
            "hostname": "",
            "id": "instance-asterisk-europe-west4-a-1",
            "instance_id": "5341014503070004444",
            "label_fingerprint": "wb6EcpusxZk=",
            "labels": {
              "service": "asterisk"
            },
            "machine_type": "n1-standard-1",
            "metadata": {},
            "metadata_fingerprint": "RsyDR-gU0lM=",
            "metadata_startup_script": "",
            "min_cpu_platform": "",
            "name": "instance-asterisk-europe-west4-a-1",
            "network_interface": [
              {
                "access_config": [
                  {
                    "assigned_nat_ip": "",
                    "nat_ip": "34.90.110.254",
                    "network_tier": "PREMIUM",
                    "public_ptr_domain_name": ""
                  }
                ],
                "address": "",
                "alias_ip_range": [],
                "name": "nic0",
                "network": "https://www.googleapis.com/compute/v1/projects/k8s-test-01-239423/global/networks/default",
                "network_ip": "10.164.0.59",
                "subnetwork": "https://www.googleapis.com/compute/v1/projects/k8s-test-01-239423/regions/europe-west4/subnetworks/default",
                "subnetwork_project": "k8s-test-01-239423"
              }
            ],
            "project": "k8s-test-01-239423",
            "scheduling": [
              {
                "automatic_restart": true,
                "node_affinities": [],
                "on_host_maintenance": "MIGRATE",
                "preemptible": false
              }
            ],
            "scratch_disk": [],
            "self_link": "https://www.googleapis.com/compute/v1/projects/k8s-test-01-239423/zones/europe-west4-a/instances/instance-asterisk-europe-west4-a-1",
            "service_account": [],
            "shielded_instance_config": [],
            "tags": [
              "asterisk"
            ],
            "tags_fingerprint": "ghiDGAxnQqs=",
            "timeouts": null,
            "zone": "europe-west4-a"
          },
          "private": "eyJlMmJmYjczMC1lY2FhLTExZTYtOGY4OC0zNDM2M2JjN2M0YzAiOnsiY3JlYXRlIjoxMjAwMDAwMDAwMDAwLCJkZWxldGUiOjEyMDAwMDAwMDAwMDAsInVwZGF0ZSI6MTIwMDAwMDAwMDAwMH0sInNjaGVtYV92ZXJzaW9uIjoiNiJ9"
        }
      ]
    }
  ]
}
